
Microsoft Visual Studio Solution File, Format Version 12.00
# Visual Studio 2013
VisualStudioVersion = 12.0.31101.0
MinimumVisualStudioVersion = 10.0.40219.1
Project("{F184B08F-C81C-45F6-A57F-5ABD9991F28F}") = "Awesomebrowser", "Awesomebrowser\Awesomebrowser.vbproj", "{872FD0F5-A5A9-43F5-A0A5-2E360C33B31D}"
EndProject
Global
	GlobalSection(SolutionConfigurationPlatforms) = preSolution
		Debug|Any CPU = Debug|Any CPU
		Release|Any CPU = Release|Any CPU
	EndGlobalSection
	GlobalSection(ProjectConfigurationPlatforms) = postSolution
		{872FD0F5-A5A9-43F5-A0A5-2E360C33B31D}.Debug|Any CPU.ActiveCfg = Debug|Any CPU
		{872FD0F5-A5A9-43F5-A0A5-2E360C33B31D}.Debug|Any CPU.Build.0 = Debug|Any CPU
		{872FD0F5-A5A9-43F5-A0A5-2E360C33B31D}.Release|Any CPU.ActiveCfg = Release|Any CPU
		{872FD0F5-A5A9-43F5-A0A5-2E360C33B31D}.Release|Any CPU.Build.0 = Release|Any CPU
	EndGlobalSection
	GlobalSection(SolutionProperties) = preSolution
		HideSolutionNode = FALSE
	EndGlobalSection
EndGlobal
